{
  "lockfile_version": "1",
  "packages": {
    "pipenv@2026.0.3": {
      "last_modified": "2026-02-06T12:24:04Z",
      "resolved": "github:NixOS/nixpkgs/ae67888ff7ef9dff69b3cf0cc0fbfbcd3a722abe#pipenv",
      "source": "devbox-search",
      "version": "2026.0.3",
      "systems": {
        "aarch64-darwin": {
          "outputs": [
            {
              "name": "out",
              "path": "/nix/store/h616la9f9k12358jv69bfk88kh9jglz2-pipenv-2026.0.3",
              "default": true
            },
            {
              "name": "dist",
              "path": "/nix/store/872ng5i4x43p0lnf5klgpnnszv3vc7xm-pipenv-2026.0.3-dist"
            }
          ],
          "store_path": "/nix/store/h616la9f9k12358jv69bfk88kh9jglz2-pipenv-2026.0.3"
        },
        "aarch64-linux": {
          "outputs": [
            {
              "name": "out",
              "path": "/nix/store/3lqhgg1lfvwshi2qlzn9n4yvqja1qzk5-pipenv-2026.0.3",
              "default": true
            },
            {
              "name": "dist",
              "path": "/nix/store/sfr2mqhpiv9qfpr02aw55vi5c0ks2gm4-pipenv-2026.0.3-dist"
            }
          ],
          "store_path": "/nix/store/3lqhgg1lfvwshi2qlzn9n4yvqja1qzk5-pipenv-2026.0.3"
        },
        "x86_64-darwin": {
          "outputs": [
            {
              "name": "out",
              "path": "/nix/store/5kp97kc23mj3lwgy17wyd92r3s8bljs0-pipenv-2026.0.3",
              "default": true
            },
            {
              "name": "dist",
              "path": "/nix/store/3gb3xavjyva3slw2z3shcy0n03psbz9a-pipenv-2026.0.3-dist"
            }
          ],
          "store_path": "/nix/store/5kp97kc23mj3lwgy17wyd92r3s8bljs0-pipenv-2026.0.3"
        },
        "x86_64-linux": {
          "outputs": [
            {
              "name": "out",
              "path": "/nix/store/dbsivg7vskmvxaqhsxgk9xjwpg19vpby-pipenv-2026.0.3",
              "default": true
            },
            {
              "name": "dist",
              "path": "/nix/store/wysbgcd9zi75dkqbiv6v8cqjj710wn2b-pipenv-2026.0.3-dist"
            }
          ],
          "store_path": "/nix/store/dbsivg7vskmvxaqhsxgk9xjwpg19vpby-pipenv-2026.0.3"
        }
      }
    },
    "python-full@3.13.5": {
      "last_modified": "2025-07-13T22:45:35Z",
      "plugin_version": "0.0.4",
      "resolved": "github:NixOS/nixpkgs/a421ac6595024edcfbb1ef950a3712b89161c359#python313Full",
      "source": "devbox-search",
      "version": "3.13.5",
      "systems": {
        "aarch64-darwin": {
          "outputs": [
            {
              "name": "out",
              "path": "/nix/store/sy1q3lj8xyz7hpd8qf00cy93f1mi9rb8-python3-3.13.5",
              "default": true
            }
          ],
          "store_path": "/nix/store/sy1q3lj8xyz7hpd8qf00cy93f1mi9rb8-python3-3.13.5"
        },
        "aarch64-linux": {
          "outputs": [
            {
              "name": "out",
              "path": "/nix/store/59nbvj0bwcdq94391a33akln8jzm69jv-python3-3.13.5",
              "default": true
            },
            {
              "name": "debug",
              "path": "/nix/store/9wki17p4awgqfsql51wd85j2l1z7ndyl-python3-3.13.5-debug"
            }
          ],
          "store_path": "/nix/store/59nbvj0bwcdq94391a33akln8jzm69jv-python3-3.13.5"
        },
        "x86_64-darwin": {
          "outputs": [
            {
              "name": "out",
              "path": "/nix/store/6m256xm8x7lfq6wx25ga8kj7rzdq5jjb-python3-3.13.5",
              "default": true
            }
          ],
          "store_path": "/nix/store/6m256xm8x7lfq6wx25ga8kj7rzdq5jjb-python3-3.13.5"
        },
        "x86_64-linux": {
          "outputs": [
            {
              "name": "out",
              "path": "/nix/store/pc57njs97z2wzlgwn107af4b74zb2ynq-python3-3.13.5",
              "default": true
            },
            {
              "name": "debug",
              "path": "/nix/store/m16kkkiv9gagcqdfiinf77d2gfhxwclj-python3-3.13.5-debug"
            }
          ],
          "store_path": "/nix/store/pc57njs97z2wzlgwn107af4b74zb2ynq-python3-3.13.5"
        }
      }
    }
  }
}
